
Microsoft Visual Studio Solution File, Format Version 12.00
# Visual Studio Version 17
VisualStudioVersion = 17.13.35825.156
MinimumVisualStudioVersion = 10.0.40219.1
Project("{FAE04EC0-301F-11D3-BF4B-00C04F79EFBC}") = "Swdac.ValidationFramework", "Swdac.ValidationFramework\Swdac.ValidationFramework.csproj", "{A87D9743-14F0-A2DA-CB40-B3112A311ADC}"
EndProject
Project("{FAE04EC0-301F-11D3-BF4B-00C04F79EFBC}") = "Swdac.ValidationFrameworkSample", "Swdac.ValidationFrameworkSample\Swdac.ValidationFrameworkSample.csproj", "{344A9DBC-9BE6-6243-1EB6-41F09960BAA1}"
EndProject
Project("{FAE04EC0-301F-11D3-BF4B-00C04F79EFBC}") = "Swdac.ValidationFrameworkSample.Tests", "Swdac.ValidationFrameworkSample.Tests\Swdac.ValidationFrameworkSample.Tests.csproj", "{77DD6610-B55E-2FD4-A373-4B014DFA8573}"
EndProject
Global
	GlobalSection(SolutionConfigurationPlatforms) = preSolution
		Debug|Any CPU = Debug|Any CPU
		Release|Any CPU = Release|Any CPU
	EndGlobalSection
	GlobalSection(ProjectConfigurationPlatforms) = postSolution
		{A87D9743-14F0-A2DA-CB40-B3112A311ADC}.Debug|Any CPU.ActiveCfg = Debug|Any CPU
		{A87D9743-14F0-A2DA-CB40-B3112A311ADC}.Debug|Any CPU.Build.0 = Debug|Any CPU
		{A87D9743-14F0-A2DA-CB40-B3112A311ADC}.Release|Any CPU.ActiveCfg = Release|Any CPU
		{A87D9743-14F0-A2DA-CB40-B3112A311ADC}.Release|Any CPU.Build.0 = Release|Any CPU
		{344A9DBC-9BE6-6243-1EB6-41F09960BAA1}.Debug|Any CPU.ActiveCfg = Debug|Any CPU
		{344A9DBC-9BE6-6243-1EB6-41F09960BAA1}.Debug|Any CPU.Build.0 = Debug|Any CPU
		{344A9DBC-9BE6-6243-1EB6-41F09960BAA1}.Release|Any CPU.ActiveCfg = Release|Any CPU
		{344A9DBC-9BE6-6243-1EB6-41F09960BAA1}.Release|Any CPU.Build.0 = Release|Any CPU
		{77DD6610-B55E-2FD4-A373-4B014DFA8573}.Debug|Any CPU.ActiveCfg = Debug|Any CPU
		{77DD6610-B55E-2FD4-A373-4B014DFA8573}.Debug|Any CPU.Build.0 = Debug|Any CPU
		{77DD6610-B55E-2FD4-A373-4B014DFA8573}.Release|Any CPU.ActiveCfg = Release|Any CPU
		{77DD6610-B55E-2FD4-A373-4B014DFA8573}.Release|Any CPU.Build.0 = Release|Any CPU
	EndGlobalSection
	GlobalSection(SolutionProperties) = preSolution
		HideSolutionNode = FALSE
	EndGlobalSection
	GlobalSection(ExtensibilityGlobals) = postSolution
		SolutionGuid = {A0794EB8-D125-44AB-8CEE-06F4B3D18F0F}
	EndGlobalSection
EndGlobal
